{
  "name": "uca-poo2-template",
  "version": "1.1.0",
  "lockfileVersion": 2,
  "requires": true,
  "packages": {
    "": {
      "name": "uca-poo2-template",
      "version": "1.1.0",
      "license": "MIT",
      "dependencies": {
        "@pmoo/oow": "^1.11.0"
      },
      "devDependencies": {
        "@pmoo/testy": "^5.0.2"
      }
    },
    "node_modules/@pmoo/oow": {
      "version": "1.11.0",
      "resolved": "https://registry.npmjs.org/@pmoo/oow/-/oow-1.11.0.tgz",
      "integrity": "sha512-3L7rZP5gPJF837lwtRIaWU1t8nYNM85xIeoAVVbhw+FLk0jH2Q/o+kqUwLer59+pmepUXUJ1omikNX2gmFde+g==",
      "engines": {
        "node": ">= 8.*"
      }
    },
    "node_modules/@pmoo/testy": {
      "version": "5.0.2",
      "resolved": "https://registry.npmjs.org/@pmoo/testy/-/testy-5.0.2.tgz",
      "integrity": "sha512-zJDlMEa20s4QrUxmBOG23htpCvJMa8eO0kwhhuCmFGySu9vKdStqL/60bDAntx/N4G5GmK9Ed2bjQ/wsr9diVQ==",
      "dev": true,
      "bin": {
        "testy": "bin/testy_cli.js"
      },
      "engines": {
        "node": ">= 8.*"
      }
    }
  },
  "dependencies": {
    "@pmoo/oow": {
      "version": "1.11.0",
      "resolved": "https://registry.npmjs.org/@pmoo/oow/-/oow-1.11.0.tgz",
      "integrity": "sha512-3L7rZP5gPJF837lwtRIaWU1t8nYNM85xIeoAVVbhw+FLk0jH2Q/o+kqUwLer59+pmepUXUJ1omikNX2gmFde+g=="
    },
    "@pmoo/testy": {
      "version": "5.0.2",
      "resolved": "https://registry.npmjs.org/@pmoo/testy/-/testy-5.0.2.tgz",
      "integrity": "sha512-zJDlMEa20s4QrUxmBOG23htpCvJMa8eO0kwhhuCmFGySu9vKdStqL/60bDAntx/N4G5GmK9Ed2bjQ/wsr9diVQ==",
      "dev": true
    }
  }
}
